<?xml version="1.0" encoding="utf-8"?>
<Project ToolsVersion="4.0" xmlns="http://schemas.microsoft.com/developer/msbuild/2003">
  <ItemGroup>
    <Filter Include="Source Files">
      <UniqueIdentifier>{4FC737F1-C7A5-4376-A066-2A32D752A2FF}</UniqueIdentifier>
      <Extensions>cpp;c;cc;cxx;def;odl;idl;hpj;bat;asm;asmx</Extensions>
    </Filter>
    <Filter Include="Header Files">
      <UniqueIdentifier>{93995380-89BD-4b04-88EB-625FBE52EBFB}</UniqueIdentifier>
      <Extensions>h;hh;hpp;hxx;hm;inl;inc;xsd</Extensions>
    </Filter>
    <Filter Include="Resource Files">
      <UniqueIdentifier>{67DA6AB6-F800-4c08-8B7A-83BB121AAD01}</UniqueIdentifier>
      <Extensions>rc;ico;cur;bmp;dlg;rc2;rct;bin;rgs;gif;jpg;jpeg;jpe;resx;tiff;tif;png;wav;mfcribbon-ms</Extensions>
    </Filter>
    <Filter Include="Source Files\Collision">
      <UniqueIdentifier>{5a0cba8c-d892-43d4-8951-fd07104d80ce}</UniqueIdentifier>
    </Filter>
    <Filter Include="Source Files\Effect">
      <UniqueIdentifier>{83fbf811-151c-4244-aa98-242bcc256376}</UniqueIdentifier>
    </Filter>
    <Filter Include="Source Files\Collision\Meshes">
      <UniqueIdentifier>{95100673-b4d6-4662-8aa5-698d89948b89}</UniqueIdentifier>
    </Filter>
  </ItemGroup>
  <ItemGroup>
    <ClInclude Include="Physics.h">
      <Filter>Source Files</Filter>
    </ClInclude>
    <ClInclude Include="Effect\EffectMesh.h">
      <Filter>Source Files\Effect</Filter>
    </ClInclude>
    <ClInclude Include="Collision\Meshes\CollideMesh.h">
      <Filter>Source Files\Collision\Meshes</Filter>
    </ClInclude>
    <ClInclude Include="Collision\Meshes\WorldMesh.h">
      <Filter>Source Files\Collision\Meshes</Filter>
    </ClInclude>
    <ClInclude Include="Collision\Meshes\RoomMesh.h">
      <Filter>Source Files\Collision\Meshes</Filter>
    </ClInclude>
    <ClInclude Include="Collision\Meshes\PlayerMesh.h">
      <Filter>Source Files\Collision\Meshes</Filter>
    </ClInclude>
    <ClInclude Include="Collision\Meshes\BulletMesh.h">
      <Filter>Source Files\Collision\Meshes</Filter>
    </ClInclude>
    <ClInclude Include="Collision\Meshes\CaptureMesh.h">
      <Filter>Source Files\Collision\Meshes</Filter>
    </ClInclude>
    <ClInclude Include="Collision\Meshes\MeshTypes.h">
      <Filter>Source Files\Collision\Meshes</Filter>
    </ClInclude>
  </ItemGroup>
  <ItemGroup>
    <ClCompile Include="Physics.cpp">
      <Filter>Source Files</Filter>
    </ClCompile>
    <ClCompile Include="Effect\EffectMesh.cpp">
      <Filter>Source Files\Effect</Filter>
    </ClCompile>
    <ClCompile Include="Collision\Meshes\CollideMesh.cpp">
      <Filter>Source Files\Collision\Meshes</Filter>
    </ClCompile>
    <ClCompile Include="Collision\Meshes\BulletMesh.cpp">
      <Filter>Source Files\Collision\Meshes</Filter>
    </ClCompile>
    <ClCompile Include="Collision\Meshes\CaptureMesh.cpp">
      <Filter>Source Files\Collision\Meshes</Filter>
    </ClCompile>
    <ClCompile Include="Collision\Meshes\RoomMesh.cpp">
      <Filter>Source Files\Collision\Meshes</Filter>
    </ClCompile>
    <ClCompile Include="Collision\Meshes\WorldMesh.cpp">
      <Filter>Source Files\Collision\Meshes</Filter>
    </ClCompile>
    <ClCompile Include="Collision\Meshes\PlayerMesh.cpp">
      <Filter>Source Files\Collision\Meshes</Filter>
    </ClCompile>
  </ItemGroup>
</Project>