
Microsoft Visual Studio Solution File, Format Version 12.00
# Visual Studio 14
VisualStudioVersion = 14.0.24720.0
MinimumVisualStudioVersion = 10.0.40219.1
Project("{54435603-DBB4-11D2-8724-00A0C9A8B90C}") = "Neon Dawn Setup", "Neon Dawn Setup\Neon Dawn Setup.vdproj", "{9B601CB2-CD2A-4C10-AEC4-D3CA8ACE725E}"
EndProject
Global
	GlobalSection(SolutionConfigurationPlatforms) = preSolution
		Debug|Default = Debug|Default
		Release|Default = Release|Default
	EndGlobalSection
	GlobalSection(ProjectConfigurationPlatforms) = postSolution
		{9B601CB2-CD2A-4C10-AEC4-D3CA8ACE725E}.Debug|Default.ActiveCfg = Debug
		{9B601CB2-CD2A-4C10-AEC4-D3CA8ACE725E}.Debug|Default.Build.0 = Debug
		{9B601CB2-CD2A-4C10-AEC4-D3CA8ACE725E}.Release|Default.ActiveCfg = Release
		{9B601CB2-CD2A-4C10-AEC4-D3CA8ACE725E}.Release|Default.Build.0 = Release
	EndGlobalSection
	GlobalSection(SolutionProperties) = preSolution
		HideSolutionNode = FALSE
	EndGlobalSection
EndGlobal
